
Microsoft Visual Studio Solution File, Format Version 12.00
# Visual Studio Version 16
VisualStudioVersion = 16.0.29911.84
MinimumVisualStudioVersion = 10.0.40219.1
Project("{FAE04EC0-301F-11D3-BF4B-00C04F79EFBC}") = "ASP.NET-Core-Middleware", "ASP.NET-Core-Middleware\ASP.NET-Core-Middleware.csproj", "{4DDE58B9-9E01-4EA0-AC71-E02C61963654}"
EndProject
Global
	GlobalSection(SolutionConfigurationPlatforms) = preSolution
		Debug|Any CPU = Debug|Any CPU
		Release|Any CPU = Release|Any CPU
	EndGlobalSection
	GlobalSection(ProjectConfigurationPlatforms) = postSolution
		{4DDE58B9-9E01-4EA0-AC71-E02C61963654}.Debug|Any CPU.ActiveCfg = Debug|Any CPU
		{4DDE58B9-9E01-4EA0-AC71-E02C61963654}.Debug|Any CPU.Build.0 = Debug|Any CPU
		{4DDE58B9-9E01-4EA0-AC71-E02C61963654}.Release|Any CPU.ActiveCfg = Release|Any CPU
		{4DDE58B9-9E01-4EA0-AC71-E02C61963654}.Release|Any CPU.Build.0 = Release|Any CPU
	EndGlobalSection
	GlobalSection(SolutionProperties) = preSolution
		HideSolutionNode = FALSE
	EndGlobalSection
	GlobalSection(ExtensibilityGlobals) = postSolution
		SolutionGuid = {A2B2204C-9F4A-4FB4-BB2D-A2F73055A8D0}
	EndGlobalSection
EndGlobal
